
Microsoft Visual Studio Solution File, Format Version 12.00
# Visual Studio Version 17
VisualStudioVersion = 17.0.31903.59
MinimumVisualStudioVersion = 10.0.40219.1
Project("{FAE04EC0-301F-11D3-BF4B-00C04F79EFBC}") = "ApiTravelAgency", "ApiTravelAgency\ApiTravelAgency.csproj", "{61CB5088-5714-419A-B8E8-56C7B22246F0}"
EndProject
Global
	GlobalSection(SolutionConfigurationPlatforms) = preSolution
		Debug|Any CPU = Debug|Any CPU
		Release|Any CPU = Release|Any CPU
	EndGlobalSection
	GlobalSection(ProjectConfigurationPlatforms) = postSolution
		{61CB5088-5714-419A-B8E8-56C7B22246F0}.Debug|Any CPU.ActiveCfg = Debug|Any CPU
		{61CB5088-5714-419A-B8E8-56C7B22246F0}.Debug|Any CPU.Build.0 = Debug|Any CPU
		{61CB5088-5714-419A-B8E8-56C7B22246F0}.Release|Any CPU.ActiveCfg = Release|Any CPU
		{61CB5088-5714-419A-B8E8-56C7B22246F0}.Release|Any CPU.Build.0 = Release|Any CPU
	EndGlobalSection
	GlobalSection(SolutionProperties) = preSolution
		HideSolutionNode = FALSE
	EndGlobalSection
	GlobalSection(ExtensibilityGlobals) = postSolution
		SolutionGuid = {F9D90F64-355F-401D-B521-B2C0E447A0CE}
	EndGlobalSection
EndGlobal
